schema: '2.0'
stages:
  prepare:
    cmd: python src/prepare.py
    outs:
    - path: dataset/full_data.csv
      hash: md5
      md5: 45ac5f27ad1cc5ca8dafffe917967cee
      size: 254020
  training:
    cmd: python src/train.py
    deps:
    - path: dataset/full_data.csv
      hash: md5
      md5: 45ac5f27ad1cc5ca8dafffe917967cee
      size: 254020
