schema: '2.0'
stages:
  prepare:
    cmd: python src/prepare.py
    outs:
    - path: dataset/full_data.csv
      hash: md5
      md5: a1a747d945704ac12e093388ca3b721a
      size: 258406
  training:
    cmd: python src/train.py
    deps:
    - path: dataset/full_data.csv
      hash: md5
      md5: a1a747d945704ac12e093388ca3b721a
      size: 258406
