schema: '2.0'
stages:
  prepare:
    cmd: python src/prepare.py
    outs:
    - path: dataset/full_data.csv
      hash: md5
      md5: c4c97d3d5574687be3e954895a672ba1
      size: 141805
  training:
    cmd: python src/train.py
    deps:
    - path: dataset/full_data.csv
      hash: md5
      md5: c4c97d3d5574687be3e954895a672ba1
      size: 141805
